
Microsoft Visual Studio Solution File, Format Version 12.00
# Visual Studio Version 17
VisualStudioVersion = 17.4.33122.133
MinimumVisualStudioVersion = 10.0.40219.1
Project("{FAE04EC0-301F-11D3-BF4B-00C04F79EFBC}") = "Human Decision Simulator", "Human Decision Simulator\Human Decision Simulator.csproj", "{2B56A905-FAFA-4241-9AB5-A4B27B52F0FF}"
EndProject
Global
	GlobalSection(SolutionConfigurationPlatforms) = preSolution
		Debug|Any CPU = Debug|Any CPU
		Debug|x86 = Debug|x86
		Release|Any CPU = Release|Any CPU
		Release|x86 = Release|x86
	EndGlobalSection
	GlobalSection(ProjectConfigurationPlatforms) = postSolution
		{2B56A905-FAFA-4241-9AB5-A4B27B52F0FF}.Debug|Any CPU.ActiveCfg = Debug|Any CPU
		{2B56A905-FAFA-4241-9AB5-A4B27B52F0FF}.Debug|Any CPU.Build.0 = Debug|Any CPU
		{2B56A905-FAFA-4241-9AB5-A4B27B52F0FF}.Debug|x86.ActiveCfg = Debug|Any CPU
		{2B56A905-FAFA-4241-9AB5-A4B27B52F0FF}.Debug|x86.Build.0 = Debug|Any CPU
		{2B56A905-FAFA-4241-9AB5-A4B27B52F0FF}.Release|Any CPU.ActiveCfg = Release|Any CPU
		{2B56A905-FAFA-4241-9AB5-A4B27B52F0FF}.Release|Any CPU.Build.0 = Release|Any CPU
		{2B56A905-FAFA-4241-9AB5-A4B27B52F0FF}.Release|x86.ActiveCfg = Release|Any CPU
		{2B56A905-FAFA-4241-9AB5-A4B27B52F0FF}.Release|x86.Build.0 = Release|Any CPU
	EndGlobalSection
	GlobalSection(SolutionProperties) = preSolution
		HideSolutionNode = FALSE
	EndGlobalSection
	GlobalSection(ExtensibilityGlobals) = postSolution
		SolutionGuid = {7E4F74BE-8F32-4A49-8520-FCD6AE681754}
	EndGlobalSection
EndGlobal
